// !$*UTF8*$!
{
	archiveVersion = 1;
	classes = {
	};
	objectVersion = 46;
	objects = {

/* Begin PBXBuildFile section */
		26CF92BB17BEEB4C000CB686 /* UIKit.framework in Frameworks */ = {isa = PBXBuildFile; fileRef = 26CF92BA17BEEB4C000CB686 /* UIKit.framework */; };
		26CF92BD17BEEB4C000CB686 /* Foundation.framework in Frameworks */ = {isa = PBXBuildFile; fileRef = 26CF92BC17BEEB4C000CB686 /* Foundation.framework */; };
		26CF92BF17BEEB4C000CB686 /* CoreGraphics.framework in Frameworks */ = {isa = PBXBuildFile; fileRef = 26CF92BE17BEEB4C000CB686 /* CoreGraphics.framework */; };
		26CF92C517BEEB4C000CB686 /* InfoPlist.strings in Resources */ = {isa = PBXBuildFile; fileRef = 26CF92C317BEEB4C000CB686 /* InfoPlist.strings */; };
		26CF92C717BEEB4C000CB686 /* main.m in Sources */ = {isa = PBXBuildFile; fileRef = 26CF92C617BEEB4C000CB686 /* main.m */; };
		26CF92CB17BEEB4C000CB686 /* SSTAppDelegate.m in Sources */ = {isa = PBXBuildFile; fileRef = 26CF92CA17BEEB4C000CB686 /* SSTAppDelegate.m */; };
		26CF92CD17BEEB4C000CB686 /* Default.png in Resources */ = {isa = PBXBuildFile; fileRef = 26CF92CC17BEEB4C000CB686 /* Default.png */; };
		26CF92CF17BEEB4C000CB686 /* Default@2x.png in Resources */ = {isa = PBXBuildFile; fileRef = 26CF92CE17BEEB4C000CB686 /* Default@2x.png */; };
		26CF92D117BEEB4C000CB686 /* Default-568h@2x.png in Resources */ = {isa = PBXBuildFile; fileRef = 26CF92D017BEEB4C000CB686 /* Default-568h@2x.png */; };
		26CF92D417BEEB4C000CB686 /* MainStoryboard.storyboard in Resources */ = {isa = PBXBuildFile; fileRef = 26CF92D217BEEB4C000CB686 /* MainStoryboard.storyboard */; };
		26CF92D717BEEB4C000CB686 /* SSTUnwindingViewController.m in Sources */ = {isa = PBXBuildFile; fileRef = 26CF92D617BEEB4C000CB686 /* SSTUnwindingViewController.m */; };
		26CF92DF17BEEC4A000CB686 /* SSTFirstViewController.m in Sources */ = {isa = PBXBuildFile; fileRef = 26CF92DE17BEEC4A000CB686 /* SSTFirstViewController.m */; };
		26CF92E217BEECF6000CB686 /* SSTSecondViewController.m in Sources */ = {isa = PBXBuildFile; fileRef = 26CF92E117BEECF6000CB686 /* SSTSecondViewController.m */; };
		26CF92E517BEED02000CB686 /* SSTThirdViewController.m in Sources */ = {isa = PBXBuildFile; fileRef = 26CF92E417BEED02000CB686 /* SSTThirdViewController.m */; };
		26CF92E817BEFC37000CB686 /* SSTBaseViewController.m in Sources */ = {isa = PBXBuildFile; fileRef = 26CF92E717BEFC37000CB686 /* SSTBaseViewController.m */; };
		26CF92EB17BF0158000CB686 /* SSTFourthViewController.m in Sources */ = {isa = PBXBuildFile; fileRef = 26CF92EA17BF0158000CB686 /* SSTFourthViewController.m */; };
		26CF92EE17BF07F1000CB686 /* SSTFifthViewController.m in Sources */ = {isa = PBXBuildFile; fileRef = 26CF92ED17BF07F1000CB686 /* SSTFifthViewController.m */; };
		26CF92F117BF07FC000CB686 /* SSTSixthViewController.m in Sources */ = {isa = PBXBuildFile; fileRef = 26CF92F017BF07FC000CB686 /* SSTSixthViewController.m */; };
/* End PBXBuildFile section */

/* Begin PBXFileReference section */
		26CF92B717BEEB4C000CB686 /* Unwinding.app */ = {isa = PBXFileReference; explicitFileType = wrapper.application; includeInIndex = 0; path = Unwinding.app; sourceTree = BUILT_PRODUCTS_DIR; };
		26CF92BA17BEEB4C000CB686 /* UIKit.framework */ = {isa = PBXFileReference; lastKnownFileType = wrapper.framework; name = UIKit.framework; path = System/Library/Frameworks/UIKit.framework; sourceTree = SDKROOT; };
		26CF92BC17BEEB4C000CB686 /* Foundation.framework */ = {isa = PBXFileReference; lastKnownFileType = wrapper.framework; name = Foundation.framework; path = System/Library/Frameworks/Foundation.framework; sourceTree = SDKROOT; };
		26CF92BE17BEEB4C000CB686 /* CoreGraphics.framework */ = {isa = PBXFileReference; lastKnownFileType = wrapper.framework; name = CoreGraphics.framework; path = System/Library/Frameworks/CoreGraphics.framework; sourceTree = SDKROOT; };
		26CF92C217BEEB4C000CB686 /* Unwinding-Info.plist */ = {isa = PBXFileReference; lastKnownFileType = text.plist.xml; path = "Unwinding-Info.plist"; sourceTree = "<group>"; };
		26CF92C417BEEB4C000CB686 /* en */ = {isa = PBXFileReference; lastKnownFileType = text.plist.strings; name = en; path = en.lproj/InfoPlist.strings; sourceTree = "<group>"; };
		26CF92C617BEEB4C000CB686 /* main.m */ = {isa = PBXFileReference; lastKnownFileType = sourcecode.c.objc; path = main.m; sourceTree = "<group>"; };
		26CF92C817BEEB4C000CB686 /* Unwinding-Prefix.pch */ = {isa = PBXFileReference; lastKnownFileType = sourcecode.c.h; path = "Unwinding-Prefix.pch"; sourceTree = "<group>"; };
		26CF92C917BEEB4C000CB686 /* SSTAppDelegate.h */ = {isa = PBXFileReference; lastKnownFileType = sourcecode.c.h; path = SSTAppDelegate.h; sourceTree = "<group>"; };
		26CF92CA17BEEB4C000CB686 /* SSTAppDelegate.m */ = {isa = PBXFileReference; lastKnownFileType = sourcecode.c.objc; path = SSTAppDelegate.m; sourceTree = "<group>"; };
		26CF92CC17BEEB4C000CB686 /* Default.png */ = {isa = PBXFileReference; lastKnownFileType = image.png; path = Default.png; sourceTree = "<group>"; };
		26CF92CE17BEEB4C000CB686 /* Default@2x.png */ = {isa = PBXFileReference; lastKnownFileType = image.png; path = "Default@2x.png"; sourceTree = "<group>"; };
		26CF92D017BEEB4C000CB686 /* Default-568h@2x.png */ = {isa = PBXFileReference; lastKnownFileType = image.png; path = "Default-568h@2x.png"; sourceTree = "<group>"; };
		26CF92D317BEEB4C000CB686 /* en */ = {isa = PBXFileReference; lastKnownFileType = file.storyboard; name = en; path = en.lproj/MainStoryboard.storyboard; sourceTree = "<group>"; };
		26CF92D517BEEB4C000CB686 /* SSTUnwindingViewController.h */ = {isa = PBXFileReference; lastKnownFileType = sourcecode.c.h; path = SSTUnwindingViewController.h; sourceTree = "<group>"; };
		26CF92D617BEEB4C000CB686 /* SSTUnwindingViewController.m */ = {isa = PBXFileReference; lastKnownFileType = sourcecode.c.objc; path = SSTUnwindingViewController.m; sourceTree = "<group>"; };
		26CF92DD17BEEC4A000CB686 /* SSTFirstViewController.h */ = {isa = PBXFileReference; fileEncoding = 4; lastKnownFileType = sourcecode.c.h; path = SSTFirstViewController.h; sourceTree = "<group>"; };
		26CF92DE17BEEC4A000CB686 /* SSTFirstViewController.m */ = {isa = PBXFileReference; fileEncoding = 4; lastKnownFileType = sourcecode.c.objc; path = SSTFirstViewController.m; sourceTree = "<group>"; };
		26CF92E017BEECF6000CB686 /* SSTSecondViewController.h */ = {isa = PBXFileReference; fileEncoding = 4; lastKnownFileType = sourcecode.c.h; path = SSTSecondViewController.h; sourceTree = "<group>"; };
		26CF92E117BEECF6000CB686 /* SSTSecondViewController.m */ = {isa = PBXFileReference; fileEncoding = 4; lastKnownFileType = sourcecode.c.objc; path = SSTSecondViewController.m; sourceTree = "<group>"; };
		26CF92E317BEED02000CB686 /* SSTThirdViewController.h */ = {isa = PBXFileReference; fileEncoding = 4; lastKnownFileType = sourcecode.c.h; path = SSTThirdViewController.h; sourceTree = "<group>"; };
		26CF92E417BEED02000CB686 /* SSTThirdViewController.m */ = {isa = PBXFileReference; fileEncoding = 4; lastKnownFileType = sourcecode.c.objc; path = SSTThirdViewController.m; sourceTree = "<group>"; };
		26CF92E617BEFC37000CB686 /* SSTBaseViewController.h */ = {isa = PBXFileReference; fileEncoding = 4; lastKnownFileType = sourcecode.c.h; path = SSTBaseViewController.h; sourceTree = "<group>"; };
		26CF92E717BEFC37000CB686 /* SSTBaseViewController.m */ = {isa = PBXFileReference; fileEncoding = 4; lastKnownFileType = sourcecode.c.objc; path = SSTBaseViewController.m; sourceTree = "<group>"; };
		26CF92E917BF0158000CB686 /* SSTFourthViewController.h */ = {isa = PBXFileReference; fileEncoding = 4; lastKnownFileType = sourcecode.c.h; path = SSTFourthViewController.h; sourceTree = "<group>"; };
		26CF92EA17BF0158000CB686 /* SSTFourthViewController.m */ = {isa = PBXFileReference; fileEncoding = 4; lastKnownFileType = sourcecode.c.objc; path = SSTFourthViewController.m; sourceTree = "<group>"; };
		26CF92EC17BF07F1000CB686 /* SSTFifthViewController.h */ = {isa = PBXFileReference; fileEncoding = 4; lastKnownFileType = sourcecode.c.h; path = SSTFifthViewController.h; sourceTree = "<group>"; };
		26CF92ED17BF07F1000CB686 /* SSTFifthViewController.m */ = {isa = PBXFileReference; fileEncoding = 4; lastKnownFileType = sourcecode.c.objc; path = SSTFifthViewController.m; sourceTree = "<group>"; };
		26CF92EF17BF07FC000CB686 /* SSTSixthViewController.h */ = {isa = PBXFileReference; fileEncoding = 4; lastKnownFileType = sourcecode.c.h; path = SSTSixthViewController.h; sourceTree = "<group>"; };
		26CF92F017BF07FC000CB686 /* SSTSixthViewController.m */ = {isa = PBXFileReference; fileEncoding = 4; lastKnownFileType = sourcecode.c.objc; path = SSTSixthViewController.m; sourceTree = "<group>"; };
/* End PBXFileReference section */

/* Begin PBXFrameworksBuildPhase section */
		26CF92B417BEEB4C000CB686 /* Frameworks */ = {
			isa = PBXFrameworksBuildPhase;
			buildActionMask = 2147483647;
			files = (
				26CF92BB17BEEB4C000CB686 /* UIKit.framework in Frameworks */,
				26CF92BD17BEEB4C000CB686 /* Foundation.framework in Frameworks */,
				26CF92BF17BEEB4C000CB686 /* CoreGraphics.framework in Frameworks */,
			);
			runOnlyForDeploymentPostprocessing = 0;
		};
/* End PBXFrameworksBuildPhase section */

/* Begin PBXGroup section */
		26CF92AE17BEEB4C000CB686 = {
			isa = PBXGroup;
			children = (
				26CF92C017BEEB4C000CB686 /* Unwinding */,
				26CF92B917BEEB4C000CB686 /* Frameworks */,
				26CF92B817BEEB4C000CB686 /* Products */,
			);
			sourceTree = "<group>";
		};
		26CF92B817BEEB4C000CB686 /* Products */ = {
			isa = PBXGroup;
			children = (
				26CF92B717BEEB4C000CB686 /* Unwinding.app */,
			);
			name = Products;
			sourceTree = "<group>";
		};
		26CF92B917BEEB4C000CB686 /* Frameworks */ = {
			isa = PBXGroup;
			children = (
				26CF92BA17BEEB4C000CB686 /* UIKit.framework */,
				26CF92BC17BEEB4C000CB686 /* Foundation.framework */,
				26CF92BE17BEEB4C000CB686 /* CoreGraphics.framework */,
			);
			name = Frameworks;
			sourceTree = "<group>";
		};
		26CF92C017BEEB4C000CB686 /* Unwinding */ = {
			isa = PBXGroup;
			children = (
				26CF92C117BEEB4C000CB686 /* Supporting Files */,
				26CF92C917BEEB4C000CB686 /* SSTAppDelegate.h */,
				26CF92CA17BEEB4C000CB686 /* SSTAppDelegate.m */,
				26CF92D217BEEB4C000CB686 /* MainStoryboard.storyboard */,
				26CF92E617BEFC37000CB686 /* SSTBaseViewController.h */,
				26CF92E717BEFC37000CB686 /* SSTBaseViewController.m */,
				26CF92D517BEEB4C000CB686 /* SSTUnwindingViewController.h */,
				26CF92D617BEEB4C000CB686 /* SSTUnwindingViewController.m */,
				26CF92DD17BEEC4A000CB686 /* SSTFirstViewController.h */,
				26CF92DE17BEEC4A000CB686 /* SSTFirstViewController.m */,
				26CF92E017BEECF6000CB686 /* SSTSecondViewController.h */,
				26CF92E117BEECF6000CB686 /* SSTSecondViewController.m */,
				26CF92E317BEED02000CB686 /* SSTThirdViewController.h */,
				26CF92E417BEED02000CB686 /* SSTThirdViewController.m */,
				26CF92E917BF0158000CB686 /* SSTFourthViewController.h */,
				26CF92EA17BF0158000CB686 /* SSTFourthViewController.m */,
				26CF92EC17BF07F1000CB686 /* SSTFifthViewController.h */,
				26CF92ED17BF07F1000CB686 /* SSTFifthViewController.m */,
				26CF92EF17BF07FC000CB686 /* SSTSixthViewController.h */,
				26CF92F017BF07FC000CB686 /* SSTSixthViewController.m */,
			);
			path = Unwinding;
			sourceTree = "<group>";
		};
		26CF92C117BEEB4C000CB686 /* Supporting Files */ = {
			isa = PBXGroup;
			children = (
				26CF92C217BEEB4C000CB686 /* Unwinding-Info.plist */,
				26CF92C317BEEB4C000CB686 /* InfoPlist.strings */,
				26CF92C617BEEB4C000CB686 /* main.m */,
				26CF92C817BEEB4C000CB686 /* Unwinding-Prefix.pch */,
				26CF92CC17BEEB4C000CB686 /* Default.png */,
				26CF92CE17BEEB4C000CB686 /* Default@2x.png */,
				26CF92D017BEEB4C000CB686 /* Default-568h@2x.png */,
			);
			name = "Supporting Files";
			sourceTree = "<group>";
		};
/* End PBXGroup section */

/* Begin PBXNativeTarget section */
		26CF92B617BEEB4C000CB686 /* Unwinding */ = {
			isa = PBXNativeTarget;
			buildConfigurationList = 26CF92DA17BEEB4C000CB686 /* Build configuration list for PBXNativeTarget "Unwinding" */;
			buildPhases = (
				26CF92B317BEEB4C000CB686 /* Sources */,
				26CF92B417BEEB4C000CB686 /* Frameworks */,
				26CF92B517BEEB4C000CB686 /* Resources */,
			);
			buildRules = (
			);
			dependencies = (
			);
			name = Unwinding;
			productName = Unwinding;
			productReference = 26CF92B717BEEB4C000CB686 /* Unwinding.app */;
			productType = "com.apple.product-type.application";
		};
/* End PBXNativeTarget section */

/* Begin PBXProject section */
		26CF92AF17BEEB4C000CB686 /* Project object */ = {
			isa = PBXProject;
			attributes = {
				CLASSPREFIX = SST;
				LastUpgradeCheck = 0460;
				ORGANIZATIONNAME = "SmallSharpTools LLC";
			};
			buildConfigurationList = 26CF92B217BEEB4C000CB686 /* Build configuration list for PBXProject "Unwinding" */;
			compatibilityVersion = "Xcode 3.2";
			developmentRegion = English;
			hasScannedForEncodings = 0;
			knownRegions = (
				en,
			);
			mainGroup = 26CF92AE17BEEB4C000CB686;
			productRefGroup = 26CF92B817BEEB4C000CB686 /* Products */;
			projectDirPath = "";
			projectRoot = "";
			targets = (
				26CF92B617BEEB4C000CB686 /* Unwinding */,
			);
		};
/* End PBXProject section */

/* Begin PBXResourcesBuildPhase section */
		26CF92B517BEEB4C000CB686 /* Resources */ = {
			isa = PBXResourcesBuildPhase;
			buildActionMask = 2147483647;
			files = (
				26CF92C517BEEB4C000CB686 /* InfoPlist.strings in Resources */,
				26CF92CD17BEEB4C000CB686 /* Default.png in Resources */,
				26CF92CF17BEEB4C000CB686 /* Default@2x.png in Resources */,
				26CF92D117BEEB4C000CB686 /* Default-568h@2x.png in Resources */,
				26CF92D417BEEB4C000CB686 /* MainStoryboard.storyboard in Resources */,
			);
			runOnlyForDeploymentPostprocessing = 0;
		};
/* End PBXResourcesBuildPhase section */

/* Begin PBXSourcesBuildPhase section */
		26CF92B317BEEB4C000CB686 /* Sources */ = {
			isa = PBXSourcesBuildPhase;
			buildActionMask = 2147483647;
			files = (
				26CF92C717BEEB4C000CB686 /* main.m in Sources */,
				26CF92CB17BEEB4C000CB686 /* SSTAppDelegate.m in Sources */,
				26CF92D717BEEB4C000CB686 /* SSTUnwindingViewController.m in Sources */,
				26CF92DF17BEEC4A000CB686 /* SSTFirstViewController.m in Sources */,
				26CF92E217BEECF6000CB686 /* SSTSecondViewController.m in Sources */,
				26CF92E517BEED02000CB686 /* SSTThirdViewController.m in Sources */,
				26CF92E817BEFC37000CB686 /* SSTBaseViewController.m in Sources */,
				26CF92EB17BF0158000CB686 /* SSTFourthViewController.m in Sources */,
				26CF92EE17BF07F1000CB686 /* SSTFifthViewController.m in Sources */,
				26CF92F117BF07FC000CB686 /* SSTSixthViewController.m in Sources */,
			);
			runOnlyForDeploymentPostprocessing = 0;
		};
/* End PBXSourcesBuildPhase section */

/* Begin PBXVariantGroup section */
		26CF92C317BEEB4C000CB686 /* InfoPlist.strings */ = {
			isa = PBXVariantGroup;
			children = (
				26CF92C417BEEB4C000CB686 /* en */,
			);
			name = InfoPlist.strings;
			sourceTree = "<group>";
		};
		26CF92D217BEEB4C000CB686 /* MainStoryboard.storyboard */ = {
			isa = PBXVariantGroup;
			children = (
				26CF92D317BEEB4C000CB686 /* en */,
			);
			name = MainStoryboard.storyboard;
			sourceTree = "<group>";
		};
/* End PBXVariantGroup section */

/* Begin XCBuildConfiguration section */
		26CF92D817BEEB4C000CB686 /* Debug */ = {
			isa = XCBuildConfiguration;
			buildSettings = {
				ALWAYS_SEARCH_USER_PATHS = NO;
				CLANG_CXX_LANGUAGE_STANDARD = "gnu++0x";
				CLANG_CXX_LIBRARY = "libc++";
				CLANG_ENABLE_OBJC_ARC = YES;
				CLANG_WARN_CONSTANT_CONVERSION = YES;
				CLANG_WARN_EMPTY_BODY = YES;
				CLANG_WARN_ENUM_CONVERSION = YES;
				CLANG_WARN_INT_CONVERSION = YES;
				CLANG_WARN__DUPLICATE_METHOD_MATCH = YES;
				"CODE_SIGN_IDENTITY[sdk=iphoneos*]" = "iPhone Developer";
				COPY_PHASE_STRIP = NO;
				GCC_C_LANGUAGE_STANDARD = gnu99;
				GCC_DYNAMIC_NO_PIC = NO;
				GCC_OPTIMIZATION_LEVEL = 0;
				GCC_PREPROCESSOR_DEFINITIONS = (
					"DEBUG=1",
					"$(inherited)",
				);
				GCC_SYMBOLS_PRIVATE_EXTERN = NO;
				GCC_WARN_ABOUT_RETURN_TYPE = YES;
				GCC_WARN_UNINITIALIZED_AUTOS = YES;
				GCC_WARN_UNUSED_VARIABLE = YES;
				IPHONEOS_DEPLOYMENT_TARGET = 6.1;
				ONLY_ACTIVE_ARCH = YES;
				SDKROOT = iphoneos;
			};
			name = Debug;
		};
		26CF92D917BEEB4C000CB686 /* Release */ = {
			isa = XCBuildConfiguration;
			buildSettings = {
				ALWAYS_SEARCH_USER_PATHS = NO;
				CLANG_CXX_LANGUAGE_STANDARD = "gnu++0x";
				CLANG_CXX_LIBRARY = "libc++";
				CLANG_ENABLE_OBJC_ARC = YES;
				CLANG_WARN_CONSTANT_CONVERSION = YES;
				CLANG_WARN_EMPTY_BODY = YES;
				CLANG_WARN_ENUM_CONVERSION = YES;
				CLANG_WARN_INT_CONVERSION = YES;
				CLANG_WARN__DUPLICATE_METHOD_MATCH = YES;
				"CODE_SIGN_IDENTITY[sdk=iphoneos*]" = "iPhone Developer";
				COPY_PHASE_STRIP = YES;
				GCC_C_LANGUAGE_STANDARD = gnu99;
				GCC_WARN_ABOUT_RETURN_TYPE = YES;
				GCC_WARN_UNINITIALIZED_AUTOS = YES;
				GCC_WARN_UNUSED_VARIABLE = YES;
				IPHONEOS_DEPLOYMENT_TARGET = 6.1;
				OTHER_CFLAGS = "-DNS_BLOCK_ASSERTIONS=1";
				SDKROOT = iphoneos;
				VALIDATE_PRODUCT = YES;
			};
			name = Release;
		};
		26CF92DB17BEEB4C000CB686 /* Debug */ = {
			isa = XCBuildConfiguration;
			buildSettings = {
				GCC_PRECOMPILE_PREFIX_HEADER = YES;
				GCC_PREFIX_HEADER = "Unwinding/Unwinding-Prefix.pch";
				INFOPLIST_FILE = "Unwinding/Unwinding-Info.plist";
				PRODUCT_NAME = "$(TARGET_NAME)";
				WRAPPER_EXTENSION = app;
			};
			name = Debug;
		};
		26CF92DC17BEEB4C000CB686 /* Release */ = {
			isa = XCBuildConfiguration;
			buildSettings = {
				GCC_PRECOMPILE_PREFIX_HEADER = YES;
				GCC_PREFIX_HEADER = "Unwinding/Unwinding-Prefix.pch";
				INFOPLIST_FILE = "Unwinding/Unwinding-Info.plist";
				PRODUCT_NAME = "$(TARGET_NAME)";
				WRAPPER_EXTENSION = app;
			};
			name = Release;
		};
/* End XCBuildConfiguration section */

/* Begin XCConfigurationList section */
		26CF92B217BEEB4C000CB686 /* Build configuration list for PBXProject "Unwinding" */ = {
			isa = XCConfigurationList;
			buildConfigurations = (
				26CF92D817BEEB4C000CB686 /* Debug */,
				26CF92D917BEEB4C000CB686 /* Release */,
			);
			defaultConfigurationIsVisible = 0;
			defaultConfigurationName = Release;
		};
		26CF92DA17BEEB4C000CB686 /* Build configuration list for PBXNativeTarget "Unwinding" */ = {
			isa = XCConfigurationList;
			buildConfigurations = (
				26CF92DB17BEEB4C000CB686 /* Debug */,
				26CF92DC17BEEB4C000CB686 /* Release */,
			);
			defaultConfigurationIsVisible = 0;
		};
/* End XCConfigurationList section */
	};
	rootObject = 26CF92AF17BEEB4C000CB686 /* Project object */;
}
